{
  "name": "subscribe-jncf",
  "version": "1.0.0",
  "lockfileVersion": 1,
  "requires": true,
  "dependencies": {
    "net": {
      "version": "1.0.2",
      "resolved": "https://registry.npmjs.org/net/-/net-1.0.2.tgz",
      "integrity": "sha1-0XV+yaf7I3HYPPR1XOPifhCCk4g="
    },
    "promise-duplex": {
      "version": "3.0.3",
      "resolved": "https://registry.npmjs.org/promise-duplex/-/promise-duplex-3.0.3.tgz",
      "integrity": "sha512-PsOfH8IVNVE/BDycTzVtGDvqUlSw+YGDIIfHQBoHi2+9BiMH/V5S0SfAbj8gGLf+vQPfGQKurzAFUgYkLVb8CQ==",
      "requires": {
        "promise-readable": "3.1.5",
        "promise-writable": "3.1.2"
      }
    },
    "promise-readable": {
      "version": "3.1.5",
      "resolved": "https://registry.npmjs.org/promise-readable/-/promise-readable-3.1.5.tgz",
      "integrity": "sha512-fBiQdPgnygZm9CpbZXZdIy9bL5EkEw5W8dDFnfSzJ4eRIGx3M3aG8c5sHd9hP4kPwjP1GELEHQnWctfhb9b2qA=="
    },
    "promise-socket": {
      "version": "3.1.1",
      "resolved": "https://registry.npmjs.org/promise-socket/-/promise-socket-3.1.1.tgz",
      "integrity": "sha512-6NzyHG7WkgIjCwq99j+ByZ6UG0m56qGqrB76jqz0dC6V5D4EJcqVH+JzHlpMeFZQrkauhHCL6SHNeeqfQ11Tyg==",
      "requires": {
        "promise-duplex": "3.0.3"
      }
    },
    "promise-writable": {
      "version": "3.1.2",
      "resolved": "https://registry.npmjs.org/promise-writable/-/promise-writable-3.1.2.tgz",
      "integrity": "sha512-lR9iE6HAVpFU+8B0y2gwRsd1G8c87E0MtFmUAP1QhOTvNY7vmXpasiSgpZYFYX4UR43FZ9ncWMeSoBWXY4X/xA=="
    }
  }
}
