# THIS IS AN AUTOGENERATED FILE. DO NOT EDIT THIS FILE DIRECTLY.
# yarn lockfile v1


net@^1.0.2:
  version "1.0.2"
  resolved "https://registry.yarnpkg.com/net/-/net-1.0.2.tgz#d1757ec9a7fb2371d83cf4755ce3e27e10829388"

promise-duplex@^3.0.3:
  version "3.0.3"
  resolved "https://registry.yarnpkg.com/promise-duplex/-/promise-duplex-3.0.3.tgz#e2ae4e17dec005e3c82b96c3373049020bd627ea"
  dependencies:
    promise-readable "^3.1.5"
    promise-writable "^3.1.2"

promise-readable@^3.1.5:
  version "3.1.5"
  resolved "https://registry.yarnpkg.com/promise-readable/-/promise-readable-3.1.5.tgz#cbf2ae3de7336e3f7fbf24a63e21f5e79d173175"

promise-socket@^3.1.1:
  version "3.1.1"
  resolved "https://registry.yarnpkg.com/promise-socket/-/promise-socket-3.1.1.tgz#12797b0152acce35a0a5a963c1fa24be41af3f8e"
  dependencies:
    promise-duplex "^3.0.3"

promise-writable@^3.1.2:
  version "3.1.2"
  resolved "https://registry.yarnpkg.com/promise-writable/-/promise-writable-3.1.2.tgz#1375cd75a3112c376c5cc22b79e777a86a57c454"
