# THIS IS AN AUTOGENERATED FILE. DO NOT EDIT THIS FILE DIRECTLY.
# yarn lockfile v1


promise-duplex@^3.0.3:
  version "3.0.3"
  resolved "https://registry.yarnpkg.com/promise-duplex/-/promise-duplex-3.0.3.tgz#e2ae4e17dec005e3c82b96c3373049020bd627ea"
  integrity sha512-PsOfH8IVNVE/BDycTzVtGDvqUlSw+YGDIIfHQBoHi2+9BiMH/V5S0SfAbj8gGLf+vQPfGQKurzAFUgYkLVb8CQ==
  dependencies:
    promise-readable "^3.1.5"
    promise-writable "^3.1.2"

promise-readable@^3.1.5:
  version "3.1.5"
  resolved "https://registry.yarnpkg.com/promise-readable/-/promise-readable-3.1.5.tgz#cbf2ae3de7336e3f7fbf24a63e21f5e79d173175"
  integrity sha512-fBiQdPgnygZm9CpbZXZdIy9bL5EkEw5W8dDFnfSzJ4eRIGx3M3aG8c5sHd9hP4kPwjP1GELEHQnWctfhb9b2qA==

promise-socket@^3.1.1:
  version "3.1.1"
  resolved "https://registry.yarnpkg.com/promise-socket/-/promise-socket-3.1.1.tgz#12797b0152acce35a0a5a963c1fa24be41af3f8e"
  integrity sha512-6NzyHG7WkgIjCwq99j+ByZ6UG0m56qGqrB76jqz0dC6V5D4EJcqVH+JzHlpMeFZQrkauhHCL6SHNeeqfQ11Tyg==
  dependencies:
    promise-duplex "^3.0.3"

promise-writable@^3.1.2:
  version "3.1.2"
  resolved "https://registry.yarnpkg.com/promise-writable/-/promise-writable-3.1.2.tgz#1375cd75a3112c376c5cc22b79e777a86a57c454"
  integrity sha512-lR9iE6HAVpFU+8B0y2gwRsd1G8c87E0MtFmUAP1QhOTvNY7vmXpasiSgpZYFYX4UR43FZ9ncWMeSoBWXY4X/xA==
