# THIS IS AN AUTOGENERATED FILE. DO NOT EDIT THIS FILE DIRECTLY.
# yarn lockfile v1


net@^1.0.2:
  version "1.0.2"
  resolved "https://registry.yarnpkg.com/net/-/net-1.0.2.tgz#d1757ec9a7fb2371d83cf4755ce3e27e10829388"
  integrity sha1-0XV+yaf7I3HYPPR1XOPifhCCk4g=

uuid@3.3.2:
  version "3.3.2"
  resolved "https://registry.yarnpkg.com/uuid/-/uuid-3.3.2.tgz#1b4af4955eb3077c501c23872fc6513811587131"
  integrity sha512-yXJmeNaw3DnnKAOKJE51sL/ZaYfWJRl1pK9dr19YFCu0ObS231AB1/LbqTKRAQ5kw8A90rA6fr4riOUpTZvQZA==

uuidv4@^3.0.1:
  version "3.0.1"
  resolved "https://registry.yarnpkg.com/uuidv4/-/uuidv4-3.0.1.tgz#31751b0ab78f50c9e42dbf231693210b3435b673"
  integrity sha512-PPzksdWRl2a5C9hrs3OOYrArTeyoR0ftJ3jtOy+BnVHkT2UlrrzPNt9nTdiGuxmQItHM/AcTXahwZZC57Njojg==
  dependencies:
    uuid "3.3.2"
